
Microsoft Visual Studio Solution File, Format Version 12.00
# Visual Studio 14
VisualStudioVersion = 14.0.25420.1
MinimumVisualStudioVersion = 10.0.40219.1
Project("{FAE04EC0-301F-11D3-BF4B-00C04F79EFBC}") = "IDAL", "IDAL\IDAL.csproj", "{923A99F1-CBB0-4624-8D5E-A1C0954498FE}"
EndProject
Project("{FAE04EC0-301F-11D3-BF4B-00C04F79EFBC}") = "DAL", "DAL\DAL.csproj", "{478979AC-2050-49C8-B969-8E4BA0016321}"
EndProject
Project("{FAE04EC0-301F-11D3-BF4B-00C04F79EFBC}") = "Model", "Model\Model.csproj", "{8CC85D95-4DED-4533-ADB3-112FE5DDE99A}"
EndProject
Project("{FAE04EC0-301F-11D3-BF4B-00C04F79EFBC}") = "BusinessLogicLayer", "BusinessLogicLayer\BusinessLogicLayer.csproj", "{29BA54D7-21A0-4D81-BB83-9F178C19825B}"
EndProject
Project("{FAE04EC0-301F-11D3-BF4B-00C04F79EFBC}") = "DALContainer", "DALContainer\DALContainer.csproj", "{C355163B-6C99-4E28-8EA5-0381C201F67F}"
EndProject
Project("{FAE04EC0-301F-11D3-BF4B-00C04F79EFBC}") = "BLLContainer", "BLLContainer\BLLContainer.csproj", "{F15F1605-78C7-46CF-904D-0BFB7697202F}"
EndProject
Project("{FAE04EC0-301F-11D3-BF4B-00C04F79EFBC}") = "IBusinessLogicLayer", "IBusinessLogicLayer\IBusinessLogicLayer.csproj", "{297B2053-AD57-4DF4-B01D-5900A275CF39}"
EndProject
Project("{FAE04EC0-301F-11D3-BF4B-00C04F79EFBC}") = "ConsoleApplication1", "ConsoleApplication1\ConsoleApplication1.csproj", "{4DF57BA1-94B1-42D2-8A4D-D01D6DFC14ED}"
EndProject
Project("{2150E333-8FDC-42A3-9474-1A3956D46DE8}") = "DalRepository", "DalRepository", "{1BBCF315-65D9-4E72-A866-0B6B5034A5E8}"
EndProject
Project("{2150E333-8FDC-42A3-9474-1A3956D46DE8}") = "BLLRepository", "BLLRepository", "{4D3FE1FC-E4EB-4300-938C-AA12B0432DC1}"
EndProject
Project("{FAE04EC0-301F-11D3-BF4B-00C04F79EFBC}") = "WebApplication2", "WebApplication2\WebApplication2.csproj", "{DCBB66F3-B3C8-4D80-BB25-CB53AE47917A}"
EndProject
Global
	GlobalSection(SolutionConfigurationPlatforms) = preSolution
		Debug|Any CPU = Debug|Any CPU
		Release|Any CPU = Release|Any CPU
	EndGlobalSection
	GlobalSection(ProjectConfigurationPlatforms) = postSolution
		{923A99F1-CBB0-4624-8D5E-A1C0954498FE}.Debug|Any CPU.ActiveCfg = Debug|Any CPU
		{923A99F1-CBB0-4624-8D5E-A1C0954498FE}.Debug|Any CPU.Build.0 = Debug|Any CPU
		{923A99F1-CBB0-4624-8D5E-A1C0954498FE}.Release|Any CPU.ActiveCfg = Release|Any CPU
		{923A99F1-CBB0-4624-8D5E-A1C0954498FE}.Release|Any CPU.Build.0 = Release|Any CPU
		{478979AC-2050-49C8-B969-8E4BA0016321}.Debug|Any CPU.ActiveCfg = Debug|Any CPU
		{478979AC-2050-49C8-B969-8E4BA0016321}.Debug|Any CPU.Build.0 = Debug|Any CPU
		{478979AC-2050-49C8-B969-8E4BA0016321}.Release|Any CPU.ActiveCfg = Release|Any CPU
		{478979AC-2050-49C8-B969-8E4BA0016321}.Release|Any CPU.Build.0 = Release|Any CPU
		{8CC85D95-4DED-4533-ADB3-112FE5DDE99A}.Debug|Any CPU.ActiveCfg = Debug|Any CPU
		{8CC85D95-4DED-4533-ADB3-112FE5DDE99A}.Debug|Any CPU.Build.0 = Debug|Any CPU
		{8CC85D95-4DED-4533-ADB3-112FE5DDE99A}.Release|Any CPU.ActiveCfg = Release|Any CPU
		{8CC85D95-4DED-4533-ADB3-112FE5DDE99A}.Release|Any CPU.Build.0 = Release|Any CPU
		{29BA54D7-21A0-4D81-BB83-9F178C19825B}.Debug|Any CPU.ActiveCfg = Debug|Any CPU
		{29BA54D7-21A0-4D81-BB83-9F178C19825B}.Debug|Any CPU.Build.0 = Debug|Any CPU
		{29BA54D7-21A0-4D81-BB83-9F178C19825B}.Release|Any CPU.ActiveCfg = Release|Any CPU
		{29BA54D7-21A0-4D81-BB83-9F178C19825B}.Release|Any CPU.Build.0 = Release|Any CPU
		{C355163B-6C99-4E28-8EA5-0381C201F67F}.Debug|Any CPU.ActiveCfg = Debug|Any CPU
		{C355163B-6C99-4E28-8EA5-0381C201F67F}.Debug|Any CPU.Build.0 = Debug|Any CPU
		{C355163B-6C99-4E28-8EA5-0381C201F67F}.Release|Any CPU.ActiveCfg = Release|Any CPU
		{C355163B-6C99-4E28-8EA5-0381C201F67F}.Release|Any CPU.Build.0 = Release|Any CPU
		{F15F1605-78C7-46CF-904D-0BFB7697202F}.Debug|Any CPU.ActiveCfg = Debug|Any CPU
		{F15F1605-78C7-46CF-904D-0BFB7697202F}.Debug|Any CPU.Build.0 = Debug|Any CPU
		{F15F1605-78C7-46CF-904D-0BFB7697202F}.Release|Any CPU.ActiveCfg = Release|Any CPU
		{F15F1605-78C7-46CF-904D-0BFB7697202F}.Release|Any CPU.Build.0 = Release|Any CPU
		{297B2053-AD57-4DF4-B01D-5900A275CF39}.Debug|Any CPU.ActiveCfg = Debug|Any CPU
		{297B2053-AD57-4DF4-B01D-5900A275CF39}.Debug|Any CPU.Build.0 = Debug|Any CPU
		{297B2053-AD57-4DF4-B01D-5900A275CF39}.Release|Any CPU.ActiveCfg = Release|Any CPU
		{297B2053-AD57-4DF4-B01D-5900A275CF39}.Release|Any CPU.Build.0 = Release|Any CPU
		{4DF57BA1-94B1-42D2-8A4D-D01D6DFC14ED}.Debug|Any CPU.ActiveCfg = Debug|Any CPU
		{4DF57BA1-94B1-42D2-8A4D-D01D6DFC14ED}.Debug|Any CPU.Build.0 = Debug|Any CPU
		{4DF57BA1-94B1-42D2-8A4D-D01D6DFC14ED}.Release|Any CPU.ActiveCfg = Release|Any CPU
		{4DF57BA1-94B1-42D2-8A4D-D01D6DFC14ED}.Release|Any CPU.Build.0 = Release|Any CPU
		{DCBB66F3-B3C8-4D80-BB25-CB53AE47917A}.Debug|Any CPU.ActiveCfg = Debug|Any CPU
		{DCBB66F3-B3C8-4D80-BB25-CB53AE47917A}.Debug|Any CPU.Build.0 = Debug|Any CPU
		{DCBB66F3-B3C8-4D80-BB25-CB53AE47917A}.Release|Any CPU.ActiveCfg = Release|Any CPU
		{DCBB66F3-B3C8-4D80-BB25-CB53AE47917A}.Release|Any CPU.Build.0 = Release|Any CPU
	EndGlobalSection
	GlobalSection(SolutionProperties) = preSolution
		HideSolutionNode = FALSE
	EndGlobalSection
	GlobalSection(NestedProjects) = preSolution
		{923A99F1-CBB0-4624-8D5E-A1C0954498FE} = {1BBCF315-65D9-4E72-A866-0B6B5034A5E8}
		{478979AC-2050-49C8-B969-8E4BA0016321} = {1BBCF315-65D9-4E72-A866-0B6B5034A5E8}
		{29BA54D7-21A0-4D81-BB83-9F178C19825B} = {4D3FE1FC-E4EB-4300-938C-AA12B0432DC1}
		{C355163B-6C99-4E28-8EA5-0381C201F67F} = {1BBCF315-65D9-4E72-A866-0B6B5034A5E8}
		{F15F1605-78C7-46CF-904D-0BFB7697202F} = {4D3FE1FC-E4EB-4300-938C-AA12B0432DC1}
		{297B2053-AD57-4DF4-B01D-5900A275CF39} = {4D3FE1FC-E4EB-4300-938C-AA12B0432DC1}
	EndGlobalSection
EndGlobal
